
Microsoft Visual Studio Solution File, Format Version 12.00
# Visual Studio Version 17
VisualStudioVersion = 17.4.33205.214
MinimumVisualStudioVersion = 10.0.40219.1
Project("{9A19103F-16F7-4668-BE54-9A1E7A4F7556}") = "Wenlin.API", "Wenlin.API\Wenlin.API.csproj", "{631DAF7F-F2EF-4BB8-AF55-A990D5B06F36}"
EndProject
Project("{9A19103F-16F7-4668-BE54-9A1E7A4F7556}") = "Wenlin.Infrastructure", "Wenlin.Infrastructure\Wenlin.Infrastructure.csproj", "{FF74D98B-ABF3-4EBF-862B-EAF246C15ECB}"
EndProject
Project("{9A19103F-16F7-4668-BE54-9A1E7A4F7556}") = "Wenlin.SharedKernel", "Wenlin.SharedKernel\Wenlin.SharedKernel.csproj", "{7074F8E0-6D30-4B76-9F09-C5C9E8FE7288}"
EndProject
Project("{9A19103F-16F7-4668-BE54-9A1E7A4F7556}") = "Wenlin.Persistence.IntegrationTest", "Wenlin.UnitTest\Wenlin.Persistence.IntegrationTest.csproj", "{376C3EC4-0FC6-4197-AF3D-22BE9B632A6F}"
EndProject
Project("{2150E333-8FDC-42A3-9474-1A3956D46DE8}") = "Core", "Core", "{08C344AB-34A9-4C37-BF50-585DCE59393A}"
EndProject
Project("{9A19103F-16F7-4668-BE54-9A1E7A4F7556}") = "Wenlin.Application", "Wenlin.Application\Wenlin.Application.csproj", "{A6C8C184-5DA1-4AA1-8481-41A1A1D4AC3B}"
EndProject
Project("{9A19103F-16F7-4668-BE54-9A1E7A4F7556}") = "Wenlin.Domain", "Wenlin.Domain\Wenlin.Domain.csproj", "{C2EA0743-5839-4086-B45C-BD61EFFC6A8D}"
EndProject
Project("{2150E333-8FDC-42A3-9474-1A3956D46DE8}") = "Infrastructure", "Infrastructure", "{BE034696-B96F-4703-A25E-28D3DCC92150}"
EndProject
Project("{9A19103F-16F7-4668-BE54-9A1E7A4F7556}") = "Wenlin.Persistence", "Wenlin.Persistence\Wenlin.Persistence.csproj", "{737A5B8F-B986-4C6E-BF84-7BBF7C2A38E5}"
EndProject
Project("{2150E333-8FDC-42A3-9474-1A3956D46DE8}") = "API", "API", "{0BA866A8-9304-46E9-B2FD-918579F243EA}"
EndProject
Project("{2150E333-8FDC-42A3-9474-1A3956D46DE8}") = "Test", "Test", "{46254154-9FD0-4E10-9E14-4EFB37B13773}"
EndProject
Project("{9A19103F-16F7-4668-BE54-9A1E7A4F7556}") = "Wenlin.Application.UnitTest", "Wenlin.Application.UnitTest\Wenlin.Application.UnitTest.csproj", "{8466E953-1101-4091-8206-2B431623B1EA}"
EndProject
Project("{2150E333-8FDC-42A3-9474-1A3956D46DE8}") = "UI", "UI", "{B24ECACF-029B-4E6C-9679-1F0504E72AD9}"
EndProject
Project("{FAE04EC0-301F-11D3-BF4B-00C04F79EFBC}") = "Wenlin.Client", "Wenlin.Client\Wenlin.Client.csproj", "{8DCBC737-CECD-4D0B-8332-104CB7F4D0AB}"
EndProject
Global
	GlobalSection(SolutionConfigurationPlatforms) = preSolution
		Debug|Any CPU = Debug|Any CPU
		Release|Any CPU = Release|Any CPU
	EndGlobalSection
	GlobalSection(ProjectConfigurationPlatforms) = postSolution
		{631DAF7F-F2EF-4BB8-AF55-A990D5B06F36}.Debug|Any CPU.ActiveCfg = Debug|Any CPU
		{631DAF7F-F2EF-4BB8-AF55-A990D5B06F36}.Debug|Any CPU.Build.0 = Debug|Any CPU
		{631DAF7F-F2EF-4BB8-AF55-A990D5B06F36}.Release|Any CPU.ActiveCfg = Release|Any CPU
		{631DAF7F-F2EF-4BB8-AF55-A990D5B06F36}.Release|Any CPU.Build.0 = Release|Any CPU
		{FF74D98B-ABF3-4EBF-862B-EAF246C15ECB}.Debug|Any CPU.ActiveCfg = Debug|Any CPU
		{FF74D98B-ABF3-4EBF-862B-EAF246C15ECB}.Debug|Any CPU.Build.0 = Debug|Any CPU
		{FF74D98B-ABF3-4EBF-862B-EAF246C15ECB}.Release|Any CPU.ActiveCfg = Release|Any CPU
		{FF74D98B-ABF3-4EBF-862B-EAF246C15ECB}.Release|Any CPU.Build.0 = Release|Any CPU
		{7074F8E0-6D30-4B76-9F09-C5C9E8FE7288}.Debug|Any CPU.ActiveCfg = Debug|Any CPU
		{7074F8E0-6D30-4B76-9F09-C5C9E8FE7288}.Debug|Any CPU.Build.0 = Debug|Any CPU
		{7074F8E0-6D30-4B76-9F09-C5C9E8FE7288}.Release|Any CPU.ActiveCfg = Release|Any CPU
		{7074F8E0-6D30-4B76-9F09-C5C9E8FE7288}.Release|Any CPU.Build.0 = Release|Any CPU
		{376C3EC4-0FC6-4197-AF3D-22BE9B632A6F}.Debug|Any CPU.ActiveCfg = Debug|Any CPU
		{376C3EC4-0FC6-4197-AF3D-22BE9B632A6F}.Debug|Any CPU.Build.0 = Debug|Any CPU
		{376C3EC4-0FC6-4197-AF3D-22BE9B632A6F}.Release|Any CPU.ActiveCfg = Release|Any CPU
		{376C3EC4-0FC6-4197-AF3D-22BE9B632A6F}.Release|Any CPU.Build.0 = Release|Any CPU
		{A6C8C184-5DA1-4AA1-8481-41A1A1D4AC3B}.Debug|Any CPU.ActiveCfg = Debug|Any CPU
		{A6C8C184-5DA1-4AA1-8481-41A1A1D4AC3B}.Debug|Any CPU.Build.0 = Debug|Any CPU
		{A6C8C184-5DA1-4AA1-8481-41A1A1D4AC3B}.Release|Any CPU.ActiveCfg = Release|Any CPU
		{A6C8C184-5DA1-4AA1-8481-41A1A1D4AC3B}.Release|Any CPU.Build.0 = Release|Any CPU
		{C2EA0743-5839-4086-B45C-BD61EFFC6A8D}.Debug|Any CPU.ActiveCfg = Debug|Any CPU
		{C2EA0743-5839-4086-B45C-BD61EFFC6A8D}.Debug|Any CPU.Build.0 = Debug|Any CPU
		{C2EA0743-5839-4086-B45C-BD61EFFC6A8D}.Release|Any CPU.ActiveCfg = Release|Any CPU
		{C2EA0743-5839-4086-B45C-BD61EFFC6A8D}.Release|Any CPU.Build.0 = Release|Any CPU
		{737A5B8F-B986-4C6E-BF84-7BBF7C2A38E5}.Debug|Any CPU.ActiveCfg = Debug|Any CPU
		{737A5B8F-B986-4C6E-BF84-7BBF7C2A38E5}.Debug|Any CPU.Build.0 = Debug|Any CPU
		{737A5B8F-B986-4C6E-BF84-7BBF7C2A38E5}.Release|Any CPU.ActiveCfg = Release|Any CPU
		{737A5B8F-B986-4C6E-BF84-7BBF7C2A38E5}.Release|Any CPU.Build.0 = Release|Any CPU
		{8466E953-1101-4091-8206-2B431623B1EA}.Debug|Any CPU.ActiveCfg = Debug|Any CPU
		{8466E953-1101-4091-8206-2B431623B1EA}.Debug|Any CPU.Build.0 = Debug|Any CPU
		{8466E953-1101-4091-8206-2B431623B1EA}.Release|Any CPU.ActiveCfg = Release|Any CPU
		{8466E953-1101-4091-8206-2B431623B1EA}.Release|Any CPU.Build.0 = Release|Any CPU
		{8DCBC737-CECD-4D0B-8332-104CB7F4D0AB}.Debug|Any CPU.ActiveCfg = Debug|Any CPU
		{8DCBC737-CECD-4D0B-8332-104CB7F4D0AB}.Debug|Any CPU.Build.0 = Debug|Any CPU
		{8DCBC737-CECD-4D0B-8332-104CB7F4D0AB}.Release|Any CPU.ActiveCfg = Release|Any CPU
		{8DCBC737-CECD-4D0B-8332-104CB7F4D0AB}.Release|Any CPU.Build.0 = Release|Any CPU
	EndGlobalSection
	GlobalSection(SolutionProperties) = preSolution
		HideSolutionNode = FALSE
	EndGlobalSection
	GlobalSection(NestedProjects) = preSolution
		{631DAF7F-F2EF-4BB8-AF55-A990D5B06F36} = {0BA866A8-9304-46E9-B2FD-918579F243EA}
		{FF74D98B-ABF3-4EBF-862B-EAF246C15ECB} = {BE034696-B96F-4703-A25E-28D3DCC92150}
		{7074F8E0-6D30-4B76-9F09-C5C9E8FE7288} = {BE034696-B96F-4703-A25E-28D3DCC92150}
		{376C3EC4-0FC6-4197-AF3D-22BE9B632A6F} = {46254154-9FD0-4E10-9E14-4EFB37B13773}
		{A6C8C184-5DA1-4AA1-8481-41A1A1D4AC3B} = {08C344AB-34A9-4C37-BF50-585DCE59393A}
		{C2EA0743-5839-4086-B45C-BD61EFFC6A8D} = {08C344AB-34A9-4C37-BF50-585DCE59393A}
		{737A5B8F-B986-4C6E-BF84-7BBF7C2A38E5} = {BE034696-B96F-4703-A25E-28D3DCC92150}
		{8466E953-1101-4091-8206-2B431623B1EA} = {46254154-9FD0-4E10-9E14-4EFB37B13773}
		{8DCBC737-CECD-4D0B-8332-104CB7F4D0AB} = {B24ECACF-029B-4E6C-9679-1F0504E72AD9}
	EndGlobalSection
	GlobalSection(ExtensibilityGlobals) = postSolution
		SolutionGuid = {C51C9529-86FC-4B21-94B0-B16BD1496B3E}
	EndGlobalSection
EndGlobal
