
Microsoft Visual Studio Solution File, Format Version 12.00
# Visual Studio Version 17
VisualStudioVersion = 17.4.33205.214
MinimumVisualStudioVersion = 10.0.40219.1
Project("{FAE04EC0-301F-11D3-BF4B-00C04F79EFBC}") = "Wenlin.API", "Wenlin.API\Wenlin.API.csproj", "{631DAF7F-F2EF-4BB8-AF55-A990D5B06F36}"
EndProject
Global
	GlobalSection(SolutionConfigurationPlatforms) = preSolution
		Debug|Any CPU = Debug|Any CPU
		Release|Any CPU = Release|Any CPU
	EndGlobalSection
	GlobalSection(ProjectConfigurationPlatforms) = postSolution
		{631DAF7F-F2EF-4BB8-AF55-A990D5B06F36}.Debug|Any CPU.ActiveCfg = Debug|Any CPU
		{631DAF7F-F2EF-4BB8-AF55-A990D5B06F36}.Debug|Any CPU.Build.0 = Debug|Any CPU
		{631DAF7F-F2EF-4BB8-AF55-A990D5B06F36}.Release|Any CPU.ActiveCfg = Release|Any CPU
		{631DAF7F-F2EF-4BB8-AF55-A990D5B06F36}.Release|Any CPU.Build.0 = Release|Any CPU
	EndGlobalSection
	GlobalSection(SolutionProperties) = preSolution
		HideSolutionNode = FALSE
	EndGlobalSection
	GlobalSection(ExtensibilityGlobals) = postSolution
		SolutionGuid = {C51C9529-86FC-4B21-94B0-B16BD1496B3E}
	EndGlobalSection
EndGlobal
